# This file is automatically @generated by Cargo.
# It is not intended for manual editing.
version = 4

[[package]]
name = "const_closure"
version = "0.2.3"
source = "registry+https://github.com/rust-lang/crates.io-index"
checksum = "7383fd99ce178b7cfaad8a0c225cca5fdaf9560ed77b8ecc4ed4b038263a83ec"

[[package]]
name = "const_sort_rs"
version = "0.3.3"
source = "registry+https://github.com/rust-lang/crates.io-index"
checksum = "3d65e01e196f5bb3dcfad5f9e3e1092fa24208f45817aa90fd49da92b1ae1cb9"
dependencies = [
 "const_closure",
]

[[package]]
name = "proc-macro2"
version = "1.0.92"
source = "registry+https://github.com/rust-lang/crates.io-index"
checksum = "37d3544b3f2748c54e147655edb5025752e2303145b5aefb3c3ea2c78b973bb0"
dependencies = [
 "unicode-ident",
]

[[package]]
name = "quote"
version = "1.0.37"
source = "registry+https://github.com/rust-lang/crates.io-index"
checksum = "b5b9d34b8991d19d98081b46eacdd8eb58c6f2b201139f7c5f643cc155a633af"
dependencies = [
 "proc-macro2",
]

[[package]]
name = "syn"
version = "2.0.90"
source = "registry+https://github.com/rust-lang/crates.io-index"
checksum = "919d3b74a5dd0ccd15aeb8f93e7006bd9e14c295087c9896a110f490752bcf31"
dependencies = [
 "proc-macro2",
 "quote",
 "unicode-ident",
]

[[package]]
name = "trait_cast_impl_rs"
version = "0.2.2"
dependencies = [
 "proc-macro2",
 "quote",
 "syn",
]

[[package]]
name = "trait_cast_rs"
version = "0.2.4"
dependencies = [
 "const_sort_rs",
 "trait_cast_impl_rs",
]

[[package]]
name = "unicode-ident"
version = "1.0.4"
source = "registry+https://github.com/rust-lang/crates.io-index"
checksum = "dcc811dc4066ac62f84f11307873c4850cb653bfa9b1719cee2bd2204a4bc5dd"
