# This file is automatically @generated by Cargo.
# It is not intended for manual editing.
version = 3

[[package]]
name = "const_closure"
version = "0.2.3"
source = "registry+https://github.com/rust-lang/crates.io-index"
checksum = "7383fd99ce178b7cfaad8a0c225cca5fdaf9560ed77b8ecc4ed4b038263a83ec"

[[package]]
name = "const_sort_rs"
version = "0.3.3"
source = "registry+https://github.com/rust-lang/crates.io-index"
checksum = "3d65e01e196f5bb3dcfad5f9e3e1092fa24208f45817aa90fd49da92b1ae1cb9"
dependencies = [
 "const_closure",
]

[[package]]
name = "proc-macro2"
version = "1.0.43"
source = "registry+https://github.com/rust-lang/crates.io-index"
checksum = "0a2ca2c61bc9f3d74d2886294ab7b9853abd9c1ad903a3ac7815c58989bb7bab"
dependencies = [
 "unicode-ident",
]

[[package]]
name = "quote"
version = "1.0.21"
source = "registry+https://github.com/rust-lang/crates.io-index"
checksum = "bbe448f377a7d6961e30f5955f9b8d106c3f5e449d493ee1b125c1d43c2b5179"
dependencies = [
 "proc-macro2",
]

[[package]]
name = "trait_cast_impl_rs"
version = "0.2.1"
dependencies = [
 "proc-macro2",
 "quote",
 "venial",
]

[[package]]
name = "trait_cast_rs"
version = "0.2.4"
dependencies = [
 "const_sort_rs",
 "trait_cast_impl_rs",
]

[[package]]
name = "unicode-ident"
version = "1.0.4"
source = "registry+https://github.com/rust-lang/crates.io-index"
checksum = "dcc811dc4066ac62f84f11307873c4850cb653bfa9b1719cee2bd2204a4bc5dd"

[[package]]
name = "venial"
version = "0.4.0"
source = "registry+https://github.com/rust-lang/crates.io-index"
checksum = "f3d723d4b0ebf523971bc63776095798272df2873910f16d53bb680aa2f4d609"
dependencies = [
 "proc-macro2",
 "quote",
]
